{
  "name": "salesforce-app",
  "version": "1.0.0",
  "lockfileVersion": 1,
  "requires": true,
  "dependencies": {
    "@salesforce-ux/design-system": {
      "version": "2.17.3",
      "resolved": "https://registry.npmjs.org/@salesforce-ux/design-system/-/design-system-2.17.3.tgz",
      "integrity": "sha512-RTMP3SBhyqGA20gHGUUpQ+kKTV1B2DRwEw1ph1MGfgc/gT/GWwYnutXqzW0vSMzg1vT60XM0jIidpYOvDnLhHQ=="
    }
  }
}
